{
  "name": "hapijs-tutorials",
  "version": "1.0.0",
  "lockfileVersion": 1,
  "requires": true,
  "dependencies": {
    "hapi": {
      "version": "11.1.4",
      "resolved": "https://repository.deere.com/artifactory/api/npm/deere-ui-mjd/hapi/-/hapi-11.1.4.tgz",
      "integrity": "sha1-qAWI0XWh2UiazaD90T31oHZvVc4=",
      "requires": {
        "accept": "2.x.x",
        "ammo": "2.x.x",
        "boom": "3.x.x",
        "call": "3.x.x",
        "catbox": "7.x.x",
        "catbox-memory": "2.x.x",
        "cryptiles": "3.x.x",
        "heavy": "4.x.x",
        "hoek": "3.x.x",
        "iron": "3.x.x",
        "items": "2.x.x",
        "joi": "7.x.x",
        "kilt": "2.x.x",
        "mimos": "3.x.x",
        "peekaboo": "2.x.x",
        "qs": "6.x.x",
        "shot": "2.x.x",
        "statehood": "3.x.x",
        "subtext": "3.x.x",
        "topo": "2.x.x"
      },
      "dependencies": {
        "accept": {
          "version": "2.0.0",
          "resolved": "https://repository.deere.com/artifactory/api/npm/deere-ui-mjd/accept/-/accept-2.0.0.tgz",
          "integrity": "sha1-IZ/zxonoytxxmV5L2dtwRaOMNFk=",
          "requires": {
            "boom": "3.x.x",
            "hoek": "3.x.x"
          }
        },
        "ammo": {
          "version": "2.0.0",
          "resolved": "https://repository.deere.com/artifactory/api/npm/deere-ui-mjd/ammo/-/ammo-2.0.0.tgz",
          "integrity": "sha1-FNvfwfti19gmAgbTfkghkmXSS+g=",
          "requires": {
            "boom": "3.x.x",
            "hoek": "3.x.x"
          }
        },
        "boom": {
          "version": "3.0.0",
          "resolved": "https://repository.deere.com/artifactory/api/npm/deere-ui-mjd/boom/-/boom-3.0.0.tgz",
          "integrity": "sha1-z/hYy9AMZcEeanS0qdyQueO5BsQ=",
          "requires": {
            "hoek": "3.x.x"
          }
        },
        "call": {
          "version": "3.0.0",
          "resolved": "https://repository.deere.com/artifactory/api/npm/deere-ui-mjd/call/-/call-3.0.0.tgz",
          "integrity": "sha1-6VTpAzInH3qxJgtN4BjWjq+z8BE=",
          "requires": {
            "boom": "3.x.x",
            "hoek": "3.x.x"
          }
        },
        "catbox": {
          "version": "7.0.0",
          "resolved": "https://repository.deere.com/artifactory/api/npm/deere-ui-mjd/catbox/-/catbox-7.0.0.tgz",
          "integrity": "sha1-PUACQlj1az+YUemblXY+BrxjpEI=",
          "requires": {
            "boom": "3.x.x",
            "hoek": "3.x.x",
            "joi": "7.x.x"
          }
        },
        "catbox-memory": {
          "version": "2.0.1",
          "resolved": "https://repository.deere.com/artifactory/api/npm/deere-ui-mjd/catbox-memory/-/catbox-memory-2.0.1.tgz",
          "integrity": "sha1-vfxec2RI/hbA/5FCfU2xGsNNk5Y=",
          "requires": {
            "hoek": "3.x.x"
          }
        },
        "cryptiles": {
          "version": "3.0.0",
          "resolved": "https://repository.deere.com/artifactory/api/npm/deere-ui-mjd/cryptiles/-/cryptiles-3.0.0.tgz",
          "integrity": "sha1-4Uj7j2ZqhxKEPd9lwZZ2nR44eQw=",
          "requires": {
            "boom": "3.x.x"
          }
        },
        "heavy": {
          "version": "4.0.0",
          "resolved": "https://repository.deere.com/artifactory/api/npm/deere-ui-mjd/heavy/-/heavy-4.0.0.tgz",
          "integrity": "sha1-ffqckK80PxaAaoxIootJmiPexHE=",
          "requires": {
            "boom": "3.x.x",
            "hoek": "3.x.x",
            "joi": "7.x.x"
          }
        },
        "hoek": {
          "version": "3.0.0",
          "resolved": "https://repository.deere.com/artifactory/api/npm/deere-ui-mjd/hoek/-/hoek-3.0.0.tgz",
          "integrity": "sha1-UsDfKcp0G05by7C1n1CfNHYjrI0="
        },
        "iron": {
          "version": "3.0.1",
          "resolved": "https://repository.deere.com/artifactory/api/npm/deere-ui-mjd/iron/-/iron-3.0.1.tgz",
          "integrity": "sha1-PdOxAKch0VubewM6DPTB4yZgPNM=",
          "requires": {
            "boom": "3.x.x",
            "cryptiles": "3.x.x",
            "hoek": "3.x.x"
          }
        },
        "items": {
          "version": "2.0.0",
          "resolved": "https://repository.deere.com/artifactory/api/npm/deere-ui-mjd/items/-/items-2.0.0.tgz",
          "integrity": "sha1-0Uqxfgyce47mk3dT07mlbgjUrXo="
        },
        "joi": {
          "version": "7.0.0",
          "resolved": "https://repository.deere.com/artifactory/api/npm/deere-ui-mjd/joi/-/joi-7.0.0.tgz",
          "integrity": "sha1-fwpeVsCBiqvXpYNmp5GjgYwLY98=",
          "requires": {
            "hoek": "3.x.x",
            "isemail": "2.x.x",
            "moment": "2.x.x",
            "topo": "2.x.x"
          },
          "dependencies": {
            "isemail": {
              "version": "2.0.0",
              "resolved": "https://repository.deere.com/artifactory/api/npm/deere-ui-mjd/isemail/-/isemail-2.0.0.tgz",
              "integrity": "sha1-rlk4hsFzJ+j1z3x9VAA6scpWbGU="
            },
            "moment": {
              "version": "2.10.6",
              "resolved": "https://repository.deere.com/artifactory/api/npm/deere-ui-mjd/moment/-/moment-2.10.6.tgz",
              "integrity": "sha1-bLIZZ8ecunsMpeZmRPFzZis++nc="
            }
          }
        },
        "kilt": {
          "version": "2.0.0",
          "resolved": "https://repository.deere.com/artifactory/api/npm/deere-ui-mjd/kilt/-/kilt-2.0.0.tgz",
          "integrity": "sha1-igb2YkoUhHRBwQLDsS6e8Gr13fI=",
          "requires": {
            "hoek": "3.x.x"
          }
        },
        "mimos": {
          "version": "3.0.0",
          "resolved": "https://repository.deere.com/artifactory/api/npm/deere-ui-mjd/mimos/-/mimos-3.0.0.tgz",
          "integrity": "sha1-SygG4SXbvfcdmyzZ8LO0VsQDyCE=",
          "requires": {
            "hoek": "3.x.x",
            "mime-db": "1.x.x"
          },
          "dependencies": {
            "mime-db": {
              "version": "1.19.0",
              "resolved": "https://repository.deere.com/artifactory/api/npm/deere-ui-mjd/mime-db/-/mime-db-1.19.0.tgz",
              "integrity": "sha1-SWoYGYp86CRFNOJbsQK3T7Qg/VY="
            }
          }
        },
        "peekaboo": {
          "version": "2.0.0",
          "resolved": "https://repository.deere.com/artifactory/api/npm/deere-ui-mjd/peekaboo/-/peekaboo-2.0.0.tgz",
          "integrity": "sha1-ilS71o7esMtbMUSZHhU10tSS3Jc="
        },
        "qs": {
          "version": "6.0.0",
          "resolved": "https://repository.deere.com/artifactory/api/npm/deere-ui-mjd/qs/-/qs-6.0.0.tgz",
          "integrity": "sha1-3pnAxYxU6uSf/5SVEGcjOGkREOg="
        },
        "shot": {
          "version": "2.0.1",
          "resolved": "https://repository.deere.com/artifactory/api/npm/deere-ui-mjd/shot/-/shot-2.0.1.tgz",
          "integrity": "sha1-pEpYcr/KTSr60NVz1eIZWLtNwA8=",
          "requires": {
            "hoek": "3.x.x"
          }
        },
        "statehood": {
          "version": "3.0.0",
          "resolved": "https://repository.deere.com/artifactory/api/npm/deere-ui-mjd/statehood/-/statehood-3.0.0.tgz",
          "integrity": "sha1-pJDgpzmG/ZlCFeT7xBSVwq6+BdM=",
          "requires": {
            "boom": "3.x.x",
            "cryptiles": "3.x.x",
            "hoek": "3.x.x",
            "iron": "3.x.x",
            "items": "2.x.x",
            "joi": "7.x.x"
          }
        },
        "subtext": {
          "version": "3.0.1",
          "resolved": "https://repository.deere.com/artifactory/api/npm/deere-ui-mjd/subtext/-/subtext-3.0.1.tgz",
          "integrity": "sha1-iBdgaPuBYqF2QyYzlHCWS9vhN8M=",
          "requires": {
            "boom": "3.x.x",
            "content": "3.x.x",
            "hoek": "3.x.x",
            "pez": "2.x.x",
            "qs": "6.x.x",
            "wreck": "7.x.x"
          },
          "dependencies": {
            "content": {
              "version": "3.0.0",
              "resolved": "https://repository.deere.com/artifactory/api/npm/deere-ui-mjd/content/-/content-3.0.0.tgz",
              "integrity": "sha1-+xpmghRxLKPdGKTsuw9f5x+35s0=",
              "requires": {
                "boom": "3.x.x"
              }
            },
            "pez": {
              "version": "2.0.1",
              "resolved": "https://repository.deere.com/artifactory/api/npm/deere-ui-mjd/pez/-/pez-2.0.1.tgz",
              "integrity": "sha1-WAV4vrF/GU03y4dN+8aHzM3omxE=",
              "requires": {
                "b64": "3.x.x",
                "boom": "3.x.x",
                "content": "3.x.x",
                "hoek": "3.x.x",
                "nigel": "2.x.x"
              },
              "dependencies": {
                "b64": {
                  "version": "3.0.0",
                  "resolved": "https://repository.deere.com/artifactory/api/npm/deere-ui-mjd/b64/-/b64-3.0.0.tgz",
                  "integrity": "sha1-MrMhzdoLmzEMdi05OrqSAdjk8hc=",
                  "requires": {
                    "hoek": "3.x.x"
                  }
                },
                "nigel": {
                  "version": "2.0.0",
                  "resolved": "https://repository.deere.com/artifactory/api/npm/deere-ui-mjd/nigel/-/nigel-2.0.0.tgz",
                  "integrity": "sha1-4lEYegUz6ufIIy99ejhlrkdorWk=",
                  "requires": {
                    "hoek": "3.x.x",
                    "vise": "2.x.x"
                  },
                  "dependencies": {
                    "vise": {
                      "version": "2.0.0",
                      "resolved": "https://repository.deere.com/artifactory/api/npm/deere-ui-mjd/vise/-/vise-2.0.0.tgz",
                      "integrity": "sha1-eNaLZOdJXqWYqcJMby4GLk1XldY=",
                      "requires": {
                        "hoek": "3.x.x"
                      }
                    }
                  }
                }
              }
            },
            "wreck": {
              "version": "7.0.0",
              "resolved": "https://repository.deere.com/artifactory/api/npm/deere-ui-mjd/wreck/-/wreck-7.0.0.tgz",
              "integrity": "sha1-jtUr2MIN4dApRr2QeP3LPEh6Gho=",
              "requires": {
                "boom": "3.x.x",
                "hoek": "3.x.x"
              }
            }
          }
        },
        "topo": {
          "version": "2.0.0",
          "resolved": "https://repository.deere.com/artifactory/api/npm/deere-ui-mjd/topo/-/topo-2.0.0.tgz",
          "integrity": "sha1-MVya7bhoytW2FhWWPJ/Qm+kSwe0=",
          "requires": {
            "hoek": "3.x.x"
          }
        }
      }
    }
  }
}
